Microsoft Visual Studio Solution File, Format Version 12.00
# Visual Studio Version 17
VisualStudioVersion = 17.5.2.0
MinimumVisualStudioVersion = 10.0.40219.1
Project("{FAE04EC0-301F-11D3-BF4B-00C04F79EFBC}") = "QOL", "QOL.csproj", "{B96C44D4-5B49-0A7C-9C76-79C746E087D7}"
EndProject
Global
	GlobalSection(SolutionConfigurationPlatforms) = preSolution
		Debug|Any CPU = Debug|Any CPU
		Release|Any CPU = Release|Any CPU
	EndGlobalSection
	GlobalSection(ProjectConfigurationPlatforms) = postSolution
		{B96C44D4-5B49-0A7C-9C76-79C746E087D7}.Debug|Any CPU.ActiveCfg = Debug|Any CPU
		{B96C44D4-5B49-0A7C-9C76-79C746E087D7}.Debug|Any CPU.Build.0 = Debug|Any CPU
		{B96C44D4-5B49-0A7C-9C76-79C746E087D7}.Release|Any CPU.ActiveCfg = Release|Any CPU
		{B96C44D4-5B49-0A7C-9C76-79C746E087D7}.Release|Any CPU.Build.0 = Release|Any CPU
	EndGlobalSection
	GlobalSection(SolutionProperties) = preSolution
		HideSolutionNode = FALSE
	EndGlobalSection
	GlobalSection(ExtensibilityGlobals) = postSolution
		SolutionGuid = {A1992A8D-52A8-4AC9-9119-922A25B87EA8}
	EndGlobalSection
EndGlobal
